{
  "name": "html-compo-documentation",
  "version": "1.0.0",
  "lockfileVersion": 1,
  "requires": true,
  "dependencies": {
    "html-compo": {
      "version": "2.8.2",
      "resolved": "https://registry.npmjs.org/html-compo/-/html-compo-2.8.2.tgz",
      "integrity": "sha512-jzMFhtoU93cr/hJ7jqX+4AVmwNvFCfoVVqQ0QkgWfpiAztCG/mdxR/dz0twUob3uW+TmSsO4414aEPy0YZPhTg=="
    }
  }
}
